// !$*UTF8*$!
{
	archiveVersion = 1;
	classes = {
	};
	objectVersion = 50;
	objects = {

/* Begin PBXBuildFile section */
		1811EC1125A0BFD100239927 /* mt_projectApp.swift in Sources */ = {isa = PBXBuildFile; fileRef = 1811EC1025A0BFD100239927 /* mt_projectApp.swift */; };
		1811EC1325A0BFD100239927 /* ContentView.swift in Sources */ = {isa = PBXBuildFile; fileRef = 1811EC1225A0BFD100239927 /* ContentView.swift */; };
		1811EC1525A0BFD400239927 /* Assets.xcassets in Resources */ = {isa = PBXBuildFile; fileRef = 1811EC1425A0BFD400239927 /* Assets.xcassets */; };
		1811EC1825A0BFD400239927 /* Preview Assets.xcassets in Resources */ = {isa = PBXBuildFile; fileRef = 1811EC1725A0BFD400239927 /* Preview Assets.xcassets */; };
		1811EC2325A0BFD500239927 /* mt_projectTests.swift in Sources */ = {isa = PBXBuildFile; fileRef = 1811EC2225A0BFD500239927 /* mt_projectTests.swift */; };
		1811EC2E25A0BFD500239927 /* mt_projectUITests.swift in Sources */ = {isa = PBXBuildFile; fileRef = 1811EC2D25A0BFD500239927 /* mt_projectUITests.swift */; };
/* End PBXBuildFile section */

/* Begin PBXContainerItemProxy section */
		1811EC1F25A0BFD500239927 /* PBXContainerItemProxy */ = {
			isa = PBXContainerItemProxy;
			containerPortal = 1811EC0525A0BFD100239927 /* Project object */;
			proxyType = 1;
			remoteGlobalIDString = 1811EC0C25A0BFD100239927;
			remoteInfo = mt_project;
		};
		1811EC2A25A0BFD500239927 /* PBXContainerItemProxy */ = {
			isa = PBXContainerItemProxy;
			containerPortal = 1811EC0525A0BFD100239927 /* Project object */;
			proxyType = 1;
			remoteGlobalIDString = 1811EC0C25A0BFD100239927;
			remoteInfo = mt_project;
		};
/* End PBXContainerItemProxy section */

/* Begin PBXFileReference section */
		1811EC0D25A0BFD100239927 /* mt_project.app */ = {isa = PBXFileReference; explicitFileType = wrapper.application; includeInIndex = 0; path = mt_project.app; sourceTree = BUILT_PRODUCTS_DIR; };
		1811EC1025A0BFD100239927 /* mt_projectApp.swift */ = {isa = PBXFileReference; lastKnownFileType = sourcecode.swift; path = mt_projectApp.swift; sourceTree = "<group>"; };
		1811EC1225A0BFD100239927 /* ContentView.swift */ = {isa = PBXFileReference; lastKnownFileType = sourcecode.swift; path = ContentView.swift; sourceTree = "<group>"; };
		1811EC1425A0BFD400239927 /* Assets.xcassets */ = {isa = PBXFileReference; lastKnownFileType = folder.assetcatalog; path = Assets.xcassets; sourceTree = "<group>"; };
		1811EC1725A0BFD400239927 /* Preview Assets.xcassets */ = {isa = PBXFileReference; lastKnownFileType = folder.assetcatalog; path = "Preview Assets.xcassets"; sourceTree = "<group>"; };
		1811EC1925A0BFD400239927 /* Info.plist */ = {isa = PBXFileReference; lastKnownFileType = text.plist.xml; path = Info.plist; sourceTree = "<group>"; };
		1811EC1E25A0BFD500239927 /* mt_projectTests.xctest */ = {isa = PBXFileReference; explicitFileType = wrapper.cfbundle; includeInIndex = 0; path = mt_projectTests.xctest; sourceTree = BUILT_PRODUCTS_DIR; };
		1811EC2225A0BFD500239927 /* mt_projectTests.swift */ = {isa = PBXFileReference; lastKnownFileType = sourcecode.swift; path = mt_projectTests.swift; sourceTree = "<group>"; };
		1811EC2425A0BFD500239927 /* Info.plist */ = {isa = PBXFileReference; lastKnownFileType = text.plist.xml; path = Info.plist; sourceTree = "<group>"; };
		1811EC2925A0BFD500239927 /* mt_projectUITests.xctest */ = {isa = PBXFileReference; explicitFileType = wrapper.cfbundle; includeInIndex = 0; path = mt_projectUITests.xctest; sourceTree = BUILT_PRODUCTS_DIR; };
		1811EC2D25A0BFD500239927 /* mt_projectUITests.swift */ = {isa = PBXFileReference; lastKnownFileType = sourcecode.swift; path = mt_projectUITests.swift; sourceTree = "<group>"; };
		1811EC2F25A0BFD500239927 /* Info.plist */ = {isa = PBXFileReference; lastKnownFileType = text.plist.xml; path = Info.plist; sourceTree = "<group>"; };
/* End PBXFileReference section */

/* Begin PBXFrameworksBuildPhase section */
		1811EC0A25A0BFD100239927 /* Frameworks */ = {
			isa = PBXFrameworksBuildPhase;
			buildActionMask = 2147483647;
			files = (
			);
			runOnlyForDeploymentPostprocessing = 0;
		};
		1811EC1B25A0BFD500239927 /* Frameworks */ = {
			isa = PBXFrameworksBuildPhase;
			buildActionMask = 2147483647;
			files = (
			);
			runOnlyForDeploymentPostprocessing = 0;
		};
		1811EC2625A0BFD500239927 /* Frameworks */ = {
			isa = PBXFrameworksBuildPhase;
			buildActionMask = 2147483647;
			files = (
			);
			runOnlyForDeploymentPostprocessing = 0;
		};
/* End PBXFrameworksBuildPhase section */

/* Begin PBXGroup section */
		1811EC0425A0BFD100239927 = {
			isa = PBXGroup;
			children = (
				1811EC0F25A0BFD100239927 /* mt_project */,
				1811EC2125A0BFD500239927 /* mt_projectTests */,
				1811EC2C25A0BFD500239927 /* mt_projectUITests */,
				1811EC0E25A0BFD100239927 /* Products */,
			);
			sourceTree = "<group>";
		};
		1811EC0E25A0BFD100239927 /* Products */ = {
			isa = PBXGroup;
			children = (
				1811EC0D25A0BFD100239927 /* mt_project.app */,
				1811EC1E25A0BFD500239927 /* mt_projectTests.xctest */,
				1811EC2925A0BFD500239927 /* mt_projectUITests.xctest */,
			);
			name = Products;
			sourceTree = "<group>";
		};
		1811EC0F25A0BFD100239927 /* mt_project */ = {
			isa = PBXGroup;
			children = (
				1811EC1025A0BFD100239927 /* mt_projectApp.swift */,
				1811EC1225A0BFD100239927 /* ContentView.swift */,
				1811EC1425A0BFD400239927 /* Assets.xcassets */,
				1811EC1925A0BFD400239927 /* Info.plist */,
				1811EC1625A0BFD400239927 /* Preview Content */,
			);
			path = mt_project;
			sourceTree = "<group>";
		};
		1811EC1625A0BFD400239927 /* Preview Content */ = {
			isa = PBXGroup;
			children = (
				1811EC1725A0BFD400239927 /* Preview Assets.xcassets */,
			);
			path = "Preview Content";
			sourceTree = "<group>";
		};
		1811EC2125A0BFD500239927 /* mt_projectTests */ = {
			isa = PBXGroup;
			children = (
				1811EC2225A0BFD500239927 /* mt_projectTests.swift */,
				1811EC2425A0BFD500239927 /* Info.plist */,
			);
			path = mt_projectTests;
			sourceTree = "<group>";
		};
		1811EC2C25A0BFD500239927 /* mt_projectUITests */ = {
			isa = PBXGroup;
			children = (
				1811EC2D25A0BFD500239927 /* mt_projectUITests.swift */,
				1811EC2F25A0BFD500239927 /* Info.plist */,
			);
			path = mt_projectUITests;
			sourceTree = "<group>";
		};
/* End PBXGroup section */

/* Begin PBXNativeTarget section */
		1811EC0C25A0BFD100239927 /* mt_project */ = {
			isa = PBXNativeTarget;
			buildConfigurationList = 1811EC3225A0BFD500239927 /* Build configuration list for PBXNativeTarget "mt_project" */;
			buildPhases = (
				1811EC0925A0BFD100239927 /* Sources */,
				1811EC0A25A0BFD100239927 /* Frameworks */,
				1811EC0B25A0BFD100239927 /* Resources */,
			);
			buildRules = (
			);
			dependencies = (
			);
			name = mt_project;
			productName = mt_project;
			productReference = 1811EC0D25A0BFD100239927 /* mt_project.app */;
			productType = "com.apple.product-type.application";
		};
		1811EC1D25A0BFD500239927 /* mt_projectTests */ = {
			isa = PBXNativeTarget;
			buildConfigurationList = 1811EC3525A0BFD500239927 /* Build configuration list for PBXNativeTarget "mt_projectTests" */;
			buildPhases = (
				1811EC1A25A0BFD500239927 /* Sources */,
				1811EC1B25A0BFD500239927 /* Frameworks */,
				1811EC1C25A0BFD500239927 /* Resources */,
			);
			buildRules = (
			);
			dependencies = (
				1811EC2025A0BFD500239927 /* PBXTargetDependency */,
			);
			name = mt_projectTests;
			productName = mt_projectTests;
			productReference = 1811EC1E25A0BFD500239927 /* mt_projectTests.xctest */;
			productType = "com.apple.product-type.bundle.unit-test";
		};
		1811EC2825A0BFD500239927 /* mt_projectUITests */ = {
			isa = PBXNativeTarget;
			buildConfigurationList = 1811EC3825A0BFD500239927 /* Build configuration list for PBXNativeTarget "mt_projectUITests" */;
			buildPhases = (
				1811EC2525A0BFD500239927 /* Sources */,
				1811EC2625A0BFD500239927 /* Frameworks */,
				1811EC2725A0BFD500239927 /* Resources */,
			);
			buildRules = (
			);
			dependencies = (
				1811EC2B25A0BFD500239927 /* PBXTargetDependency */,
			);
			name = mt_projectUITests;
			productName = mt_projectUITests;
			productReference = 1811EC2925A0BFD500239927 /* mt_projectUITests.xctest */;
			productType = "com.apple.product-type.bundle.ui-testing";
		};
/* End PBXNativeTarget section */

/* Begin PBXProject section */
		1811EC0525A0BFD100239927 /* Project object */ = {
			isa = PBXProject;
			attributes = {
				LastSwiftUpdateCheck = 1230;
				LastUpgradeCheck = 1230;
				TargetAttributes = {
					1811EC0C25A0BFD100239927 = {
						CreatedOnToolsVersion = 12.3;
					};
					1811EC1D25A0BFD500239927 = {
						CreatedOnToolsVersion = 12.3;
						TestTargetID = 1811EC0C25A0BFD100239927;
					};
					1811EC2825A0BFD500239927 = {
						CreatedOnToolsVersion = 12.3;
						TestTargetID = 1811EC0C25A0BFD100239927;
					};
				};
			};
			buildConfigurationList = 1811EC0825A0BFD100239927 /* Build configuration list for PBXProject "mt_project" */;
			compatibilityVersion = "Xcode 9.3";
			developmentRegion = en;
			hasScannedForEncodings = 0;
			knownRegions = (
				en,
				Base,
			);
			mainGroup = 1811EC0425A0BFD100239927;
			productRefGroup = 1811EC0E25A0BFD100239927 /* Products */;
			projectDirPath = "";
			projectRoot = "";
			targets = (
				1811EC0C25A0BFD100239927 /* mt_project */,
				1811EC1D25A0BFD500239927 /* mt_projectTests */,
				1811EC2825A0BFD500239927 /* mt_projectUITests */,
			);
		};
/* End PBXProject section */

/* Begin PBXResourcesBuildPhase section */
		1811EC0B25A0BFD100239927 /* Resources */ = {
			isa = PBXResourcesBuildPhase;
			buildActionMask = 2147483647;
			files = (
				1811EC1825A0BFD400239927 /* Preview Assets.xcassets in Resources */,
				1811EC1525A0BFD400239927 /* Assets.xcassets in Resources */,
			);
			runOnlyForDeploymentPostprocessing = 0;
		};
		1811EC1C25A0BFD500239927 /* Resources */ = {
			isa = PBXResourcesBuildPhase;
			buildActionMask = 2147483647;
			files = (
			);
			runOnlyForDeploymentPostprocessing = 0;
		};
		1811EC2725A0BFD500239927 /* Resources */ = {
			isa = PBXResourcesBuildPhase;
			buildActionMask = 2147483647;
			files = (
			);
			runOnlyForDeploymentPostprocessing = 0;
		};
/* End PBXResourcesBuildPhase section */

/* Begin PBXSourcesBuildPhase section */
		1811EC0925A0BFD100239927 /* Sources */ = {
			isa = PBXSourcesBuildPhase;
			buildActionMask = 2147483647;
			files = (
				1811EC1325A0BFD100239927 /* ContentView.swift in Sources */,
				1811EC1125A0BFD100239927 /* mt_projectApp.swift in Sources */,
			);
			runOnlyForDeploymentPostprocessing = 0;
		};
		1811EC1A25A0BFD500239927 /* Sources */ = {
			isa = PBXSourcesBuildPhase;
			buildActionMask = 2147483647;
			files = (
				1811EC2325A0BFD500239927 /* mt_projectTests.swift in Sources */,
			);
			runOnlyForDeploymentPostprocessing = 0;
		};
		1811EC2525A0BFD500239927 /* Sources */ = {
			isa = PBXSourcesBuildPhase;
			buildActionMask = 2147483647;
			files = (
				1811EC2E25A0BFD500239927 /* mt_projectUITests.swift in Sources */,
			);
			runOnlyForDeploymentPostprocessing = 0;
		};
/* End PBXSourcesBuildPhase section */

/* Begin PBXTargetDependency section */
		1811EC2025A0BFD500239927 /* PBXTargetDependency */ = {
			isa = PBXTargetDependency;
			target = 1811EC0C25A0BFD100239927 /* mt_project */;
			targetProxy = 1811EC1F25A0BFD500239927 /* PBXContainerItemProxy */;
		};
		1811EC2B25A0BFD500239927 /* PBXTargetDependency */ = {
			isa = PBXTargetDependency;
			target = 1811EC0C25A0BFD100239927 /* mt_project */;
			targetProxy = 1811EC2A25A0BFD500239927 /* PBXContainerItemProxy */;
		};
/* End PBXTargetDependency section */

/* Begin XCBuildConfiguration section */
		1811EC3025A0BFD500239927 /* Debug */ = {
			isa = XCBuildConfiguration;
			buildSettings = {
				ALWAYS_SEARCH_USER_PATHS = NO;
				CLANG_ANALYZER_NONNULL = YES;
				CLANG_ANALYZER_NUMBER_OBJECT_CONVERSION = YES_AGGRESSIVE;
				CLANG_CXX_LANGUAGE_STANDARD = "gnu++14";
				CLANG_CXX_LIBRARY = "libc++";
				CLANG_ENABLE_MODULES = YES;
				CLANG_ENABLE_OBJC_ARC = YES;
				CLANG_ENABLE_OBJC_WEAK = YES;
				CLANG_WARN_BLOCK_CAPTURE_AUTORELEASING = YES;
				CLANG_WARN_BOOL_CONVERSION = YES;
				CLANG_WARN_COMMA = YES;
				CLANG_WARN_CONSTANT_CONVERSION = YES;
				CLANG_WARN_DEPRECATED_OBJC_IMPLEMENTATIONS = YES;
				CLANG_WARN_DIRECT_OBJC_ISA_USAGE = YES_ERROR;
				CLANG_WARN_DOCUMENTATION_COMMENTS = YES;
				CLANG_WARN_EMPTY_BODY = YES;
				CLANG_WARN_ENUM_CONVERSION = YES;
				CLANG_WARN_INFINITE_RECURSION = YES;
				CLANG_WARN_INT_CONVERSION = YES;
				CLANG_WARN_NON_LITERAL_NULL_CONVERSION = YES;
				CLANG_WARN_OBJC_IMPLICIT_RETAIN_SELF = YES;
				CLANG_WARN_OBJC_LITERAL_CONVERSION = YES;
				CLANG_WARN_OBJC_ROOT_CLASS = YES_ERROR;
				CLANG_WARN_QUOTED_INCLUDE_IN_FRAMEWORK_HEADER = YES;
				CLANG_WARN_RANGE_LOOP_ANALYSIS = YES;
				CLANG_WARN_STRICT_PROTOTYPES = YES;
				CLANG_WARN_SUSPICIOUS_MOVE = YES;
				CLANG_WARN_UNGUARDED_AVAILABILITY = YES_AGGRESSIVE;
				CLANG_WARN_UNREACHABLE_CODE = YES;
				CLANG_WARN__DUPLICATE_METHOD_MATCH = YES;
				COPY_PHASE_STRIP = NO;
				DEBUG_INFORMATION_FORMAT = dwarf;
				ENABLE_STRICT_OBJC_MSGSEND = YES;
				ENABLE_TESTABILITY = YES;
				GCC_C_LANGUAGE_STANDARD = gnu11;
				GCC_DYNAMIC_NO_PIC = NO;
				GCC_NO_COMMON_BLOCKS = YES;
				GCC_OPTIMIZATION_LEVEL = 0;
				GCC_PREPROCESSOR_DEFINITIONS = (
					"DEBUG=1",
					"$(inherited)",
				);
				GCC_WARN_64_TO_32_BIT_CONVERSION = YES;
				GCC_WARN_ABOUT_RETURN_TYPE = YES_ERROR;
				GCC_WARN_UNDECLARED_SELECTOR = YES;
				GCC_WARN_UNINITIALIZED_AUTOS = YES_AGGRESSIVE;
				GCC_WARN_UNUSED_FUNCTION = YES;
				GCC_WARN_UNUSED_VARIABLE = YES;
				IPHONEOS_DEPLOYMENT_TARGET = 14.3;
				MTL_ENABLE_DEBUG_INFO = INCLUDE_SOURCE;
				MTL_FAST_MATH = YES;
				ONLY_ACTIVE_ARCH = YES;
				SDKROOT = iphoneos;
				SWIFT_ACTIVE_COMPILATION_CONDITIONS = DEBUG;
				SWIFT_OPTIMIZATION_LEVEL = "-Onone";
			};
			name = Debug;
		};
		1811EC3125A0BFD500239927 /* Release */ = {
			isa = XCBuildConfiguration;
			buildSettings = {
				ALWAYS_SEARCH_USER_PATHS = NO;
				CLANG_ANALYZER_NONNULL = YES;
				CLANG_ANALYZER_NUMBER_OBJECT_CONVERSION = YES_AGGRESSIVE;
				CLANG_CXX_LANGUAGE_STANDARD = "gnu++14";
				CLANG_CXX_LIBRARY = "libc++";
				CLANG_ENABLE_MODULES = YES;
				CLANG_ENABLE_OBJC_ARC = YES;
				CLANG_ENABLE_OBJC_WEAK = YES;
				CLANG_WARN_BLOCK_CAPTURE_AUTORELEASING = YES;
				CLANG_WARN_BOOL_CONVERSION = YES;
				CLANG_WARN_COMMA = YES;
				CLANG_WARN_CONSTANT_CONVERSION = YES;
				CLANG_WARN_DEPRECATED_OBJC_IMPLEMENTATIONS = YES;
				CLANG_WARN_DIRECT_OBJC_ISA_USAGE = YES_ERROR;
				CLANG_WARN_DOCUMENTATION_COMMENTS = YES;
				CLANG_WARN_EMPTY_BODY = YES;
				CLANG_WARN_ENUM_CONVERSION = YES;
				CLANG_WARN_INFINITE_RECURSION = YES;
				CLANG_WARN_INT_CONVERSION = YES;
				CLANG_WARN_NON_LITERAL_NULL_CONVERSION = YES;
				CLANG_WARN_OBJC_IMPLICIT_RETAIN_SELF = YES;
				CLANG_WARN_OBJC_LITERAL_CONVERSION = YES;
				CLANG_WARN_OBJC_ROOT_CLASS = YES_ERROR;
				CLANG_WARN_QUOTED_INCLUDE_IN_FRAMEWORK_HEADER = YES;
				CLANG_WARN_RANGE_LOOP_ANALYSIS = YES;
				CLANG_WARN_STRICT_PROTOTYPES = YES;
				CLANG_WARN_SUSPICIOUS_MOVE = YES;
				CLANG_WARN_UNGUARDED_AVAILABILITY = YES_AGGRESSIVE;
				CLANG_WARN_UNREACHABLE_CODE = YES;
				CLANG_WARN__DUPLICATE_METHOD_MATCH = YES;
				COPY_PHASE_STRIP = NO;
				DEBUG_INFORMATION_FORMAT = "dwarf-with-dsym";
				ENABLE_NS_ASSERTIONS = NO;
				ENABLE_STRICT_OBJC_MSGSEND = YES;
				GCC_C_LANGUAGE_STANDARD = gnu11;
				GCC_NO_COMMON_BLOCKS = YES;
				GCC_WARN_64_TO_32_BIT_CONVERSION = YES;
				GCC_WARN_ABOUT_RETURN_TYPE = YES_ERROR;
				GCC_WARN_UNDECLARED_SELECTOR = YES;
				GCC_WARN_UNINITIALIZED_AUTOS = YES_AGGRESSIVE;
				GCC_WARN_UNUSED_FUNCTION = YES;
				GCC_WARN_UNUSED_VARIABLE = YES;
				IPHONEOS_DEPLOYMENT_TARGET = 14.3;
				MTL_ENABLE_DEBUG_INFO = NO;
				MTL_FAST_MATH = YES;
				SDKROOT = iphoneos;
				SWIFT_COMPILATION_MODE = wholemodule;
				SWIFT_OPTIMIZATION_LEVEL = "-O";
				VALIDATE_PRODUCT = YES;
			};
			name = Release;
		};
		1811EC3325A0BFD500239927 /* Debug */ = {
			isa = XCBuildConfiguration;
			buildSettings = {
				ASSETCATALOG_COMPILER_APPICON_NAME = AppIcon;
				ASSETCATALOG_COMPILER_GLOBAL_ACCENT_COLOR_NAME = AccentColor;
				CODE_SIGN_STYLE = Automatic;
				DEVELOPMENT_ASSET_PATHS = "\"mt_project/Preview Content\"";
				ENABLE_PREVIEWS = YES;
				INFOPLIST_FILE = mt_project/Info.plist;
				IPHONEOS_DEPLOYMENT_TARGET = 14.0;
				LD_RUNPATH_SEARCH_PATHS = (
					"$(inherited)",
					"@executable_path/Frameworks",
				);
				PRODUCT_BUNDLE_IDENTIFIER = "marian.mt-project";
				PRODUCT_NAME = "$(TARGET_NAME)";
				SWIFT_VERSION = 5.0;
				TARGETED_DEVICE_FAMILY = "1,2";
			};
			name = Debug;
		};
		1811EC3425A0BFD500239927 /* Release */ = {
			isa = XCBuildConfiguration;
			buildSettings = {
				ASSETCATALOG_COMPILER_APPICON_NAME = AppIcon;
				ASSETCATALOG_COMPILER_GLOBAL_ACCENT_COLOR_NAME = AccentColor;
				CODE_SIGN_STYLE = Automatic;
				DEVELOPMENT_ASSET_PATHS = "\"mt_project/Preview Content\"";
				ENABLE_PREVIEWS = YES;
				INFOPLIST_FILE = mt_project/Info.plist;
				IPHONEOS_DEPLOYMENT_TARGET = 14.0;
				LD_RUNPATH_SEARCH_PATHS = (
					"$(inherited)",
					"@executable_path/Frameworks",
				);
				PRODUCT_BUNDLE_IDENTIFIER = "marian.mt-project";
				PRODUCT_NAME = "$(TARGET_NAME)";
				SWIFT_VERSION = 5.0;
				TARGETED_DEVICE_FAMILY = "1,2";
			};
			name = Release;
		};
		1811EC3625A0BFD500239927 /* Debug */ = {
			isa = XCBuildConfiguration;
			buildSettings = {
				ALWAYS_EMBED_SWIFT_STANDARD_LIBRARIES = YES;
				BUNDLE_LOADER = "$(TEST_HOST)";
				CODE_SIGN_STYLE = Automatic;
				INFOPLIST_FILE = mt_projectTests/Info.plist;
				IPHONEOS_DEPLOYMENT_TARGET = 14.0;
				LD_RUNPATH_SEARCH_PATHS = (
					"$(inherited)",
					"@executable_path/Frameworks",
					"@loader_path/Frameworks",
				);
				PRODUCT_BUNDLE_IDENTIFIER = "marian.mt-projectTests";
				PRODUCT_NAME = "$(TARGET_NAME)";
				SWIFT_VERSION = 5.0;
				TARGETED_DEVICE_FAMILY = "1,2";
				TEST_HOST = "$(BUILT_PRODUCTS_DIR)/mt_project.app/mt_project";
			};
			name = Debug;
		};
		1811EC3725A0BFD500239927 /* Release */ = {
			isa = XCBuildConfiguration;
			buildSettings = {
				ALWAYS_EMBED_SWIFT_STANDARD_LIBRARIES = YES;
				BUNDLE_LOADER = "$(TEST_HOST)";
				CODE_SIGN_STYLE = Automatic;
				INFOPLIST_FILE = mt_projectTests/Info.plist;
				IPHONEOS_DEPLOYMENT_TARGET = 14.0;
				LD_RUNPATH_SEARCH_PATHS = (
					"$(inherited)",
					"@executable_path/Frameworks",
					"@loader_path/Frameworks",
				);
				PRODUCT_BUNDLE_IDENTIFIER = "marian.mt-projectTests";
				PRODUCT_NAME = "$(TARGET_NAME)";
				SWIFT_VERSION = 5.0;
				TARGETED_DEVICE_FAMILY = "1,2";
				TEST_HOST = "$(BUILT_PRODUCTS_DIR)/mt_project.app/mt_project";
			};
			name = Release;
		};
		1811EC3925A0BFD500239927 /* Debug */ = {
			isa = XCBuildConfiguration;
			buildSettings = {
				ALWAYS_EMBED_SWIFT_STANDARD_LIBRARIES = YES;
				CODE_SIGN_STYLE = Automatic;
				INFOPLIST_FILE = mt_projectUITests/Info.plist;
				LD_RUNPATH_SEARCH_PATHS = (
					"$(inherited)",
					"@executable_path/Frameworks",
					"@loader_path/Frameworks",
				);
				PRODUCT_BUNDLE_IDENTIFIER = "marian.mt-projectUITests";
				PRODUCT_NAME = "$(TARGET_NAME)";
				SWIFT_VERSION = 5.0;
				TARGETED_DEVICE_FAMILY = "1,2";
				TEST_TARGET_NAME = mt_project;
			};
			name = Debug;
		};
		1811EC3A25A0BFD500239927 /* Release */ = {
			isa = XCBuildConfiguration;
			buildSettings = {
				ALWAYS_EMBED_SWIFT_STANDARD_LIBRARIES = YES;
				CODE_SIGN_STYLE = Automatic;
				INFOPLIST_FILE = mt_projectUITests/Info.plist;
				LD_RUNPATH_SEARCH_PATHS = (
					"$(inherited)",
					"@executable_path/Frameworks",
					"@loader_path/Frameworks",
				);
				PRODUCT_BUNDLE_IDENTIFIER = "marian.mt-projectUITests";
				PRODUCT_NAME = "$(TARGET_NAME)";
				SWIFT_VERSION = 5.0;
				TARGETED_DEVICE_FAMILY = "1,2";
				TEST_TARGET_NAME = mt_project;
			};
			name = Release;
		};
/* End XCBuildConfiguration section */

/* Begin XCConfigurationList section */
		1811EC0825A0BFD100239927 /* Build configuration list for PBXProject "mt_project" */ = {
			isa = XCConfigurationList;
			buildConfigurations = (
				1811EC3025A0BFD500239927 /* Debug */,
				1811EC3125A0BFD500239927 /* Release */,
			);
			defaultConfigurationIsVisible = 0;
			defaultConfigurationName = Release;
		};
		1811EC3225A0BFD500239927 /* Build configuration list for PBXNativeTarget "mt_project" */ = {
			isa = XCConfigurationList;
			buildConfigurations = (
				1811EC3325A0BFD500239927 /* Debug */,
				1811EC3425A0BFD500239927 /* Release */,
			);
			defaultConfigurationIsVisible = 0;
			defaultConfigurationName = Release;
		};
		1811EC3525A0BFD500239927 /* Build configuration list for PBXNativeTarget "mt_projectTests" */ = {
			isa = XCConfigurationList;
			buildConfigurations = (
				1811EC3625A0BFD500239927 /* Debug */,
				1811EC3725A0BFD500239927 /* Release */,
			);
			defaultConfigurationIsVisible = 0;
			defaultConfigurationName = Release;
		};
		1811EC3825A0BFD500239927 /* Build configuration list for PBXNativeTarget "mt_projectUITests" */ = {
			isa = XCConfigurationList;
			buildConfigurations = (
				1811EC3925A0BFD500239927 /* Debug */,
				1811EC3A25A0BFD500239927 /* Release */,
			);
			defaultConfigurationIsVisible = 0;
			defaultConfigurationName = Release;
		};
/* End XCConfigurationList section */
	};
	rootObject = 1811EC0525A0BFD100239927 /* Project object */;
}
